// !$*UTF8*$!
{
	archiveVersion = 1;
	classes = {
	};
	objectVersion = 50;
	objects = {

/* Begin PBXBuildFile section */
		9DAFAB8A9A087D3D29DE7514 /* Pods_Caressa.framework in Frameworks */ = {isa = PBXBuildFile; fileRef = 8C42BDB2AFF7A7A34E2041F0 /* Pods_Caressa.framework */; };
		BD12354922528A4F00FF1638 /* User.swift in Sources */ = {isa = PBXBuildFile; fileRef = BD12354822528A4F00FF1638 /* User.swift */; };
		BD12354B225296C700FF1638 /* AmazonModel.swift in Sources */ = {isa = PBXBuildFile; fileRef = BD12354A225296C700FF1638 /* AmazonModel.swift */; };
		BD145CA72257D1A40040BAAC /* SendMessage.swift in Sources */ = {isa = PBXBuildFile; fileRef = BD145CA62257D1A40040BAAC /* SendMessage.swift */; };
		BD145CAA2258B19A0040BAAC /* CalendarCell.swift in Sources */ = {isa = PBXBuildFile; fileRef = BD145CA82258B19A0040BAAC /* CalendarCell.swift */; };
		BD145CAB2258B19A0040BAAC /* CalendarCell.xib in Resources */ = {isa = PBXBuildFile; fileRef = BD145CA92258B19A0040BAAC /* CalendarCell.xib */; };
		BD145CAD2258C5BB0040BAAC /* PhotosVC.swift in Sources */ = {isa = PBXBuildFile; fileRef = BD145CAC2258C5BB0040BAAC /* PhotosVC.swift */; };
		BD145CB02258C61C0040BAAC /* PhotoCell.swift in Sources */ = {isa = PBXBuildFile; fileRef = BD145CAE2258C61C0040BAAC /* PhotoCell.swift */; };
		BD145CB12258C61C0040BAAC /* PhotoCell.xib in Resources */ = {isa = PBXBuildFile; fileRef = BD145CAF2258C61C0040BAAC /* PhotoCell.xib */; };
		BD145CB72258D1010040BAAC /* PhotoHeaderView.swift in Sources */ = {isa = PBXBuildFile; fileRef = BD145CB62258D1010040BAAC /* PhotoHeaderView.swift */; };
		BD145CB92258EBBF0040BAAC /* PusherManager.swift in Sources */ = {isa = PBXBuildFile; fileRef = BD145CB82258EBBF0040BAAC /* PusherManager.swift */; };
		BD14E65C224F4BAE001B12BE /* CalendarVC.swift in Sources */ = {isa = PBXBuildFile; fileRef = BD14E65B224F4BAE001B12BE /* CalendarVC.swift */; };
		BD14E65E224F5879001B12BE /* NewMemberVC.swift in Sources */ = {isa = PBXBuildFile; fileRef = BD14E65D224F5879001B12BE /* NewMemberVC.swift */; };
		BD14E660224F61DD001B12BE /* NewMessageVC.swift in Sources */ = {isa = PBXBuildFile; fileRef = BD14E65F224F61DD001B12BE /* NewMessageVC.swift */; };
		BD14E663224F6984001B12BE /* MessageThreadCell.swift in Sources */ = {isa = PBXBuildFile; fileRef = BD14E661224F6984001B12BE /* MessageThreadCell.swift */; };
		BD14E664224F6984001B12BE /* MessageThreadCell.xib in Resources */ = {isa = PBXBuildFile; fileRef = BD14E662224F6984001B12BE /* MessageThreadCell.xib */; };
		BD14E666224F6D89001B12BE /* MessageThread.swift in Sources */ = {isa = PBXBuildFile; fileRef = BD14E665224F6D89001B12BE /* MessageThread.swift */; };
		BD14E668224F6E52001B12BE /* Message.swift in Sources */ = {isa = PBXBuildFile; fileRef = BD14E667224F6E52001B12BE /* Message.swift */; };
		BD14E66A224F832F001B12BE /* MessageThreadVC.swift in Sources */ = {isa = PBXBuildFile; fileRef = BD14E669224F832F001B12BE /* MessageThreadVC.swift */; };
		BD159BC7225685A100701370 /* SearchVC.swift in Sources */ = {isa = PBXBuildFile; fileRef = BD159BC6225685A100701370 /* SearchVC.swift */; };
		BD159BC92256978C00701370 /* AudioRecorder.swift in Sources */ = {isa = PBXBuildFile; fileRef = BD159BC82256978C00701370 /* AudioRecorder.swift */; };
		BD189387225BEEC2005660B7 /* GSImageViewer.swift in Sources */ = {isa = PBXBuildFile; fileRef = BD189386225BEEC2005660B7 /* GSImageViewer.swift */; };
		BD374A4522836F0F00360D85 /* TemporaryProfile.swift in Sources */ = {isa = PBXBuildFile; fileRef = BD374A4422836F0F00360D85 /* TemporaryProfile.swift */; };
		BD47E9BC224C14CB009B9887 /* MorningStatusVC.swift in Sources */ = {isa = PBXBuildFile; fileRef = BD47E9BB224C14CB009B9887 /* MorningStatusVC.swift */; };
		BD4E029B226B1E99007C17D9 /* UserSettings.swift in Sources */ = {isa = PBXBuildFile; fileRef = BD4E029A226B1E99007C17D9 /* UserSettings.swift */; };
		BD4E029D226B6EBB007C17D9 /* PusherModel.swift in Sources */ = {isa = PBXBuildFile; fileRef = BD4E029C226B6EBB007C17D9 /* PusherModel.swift */; };
		BD55310C22464A900062F894 /* ResidentVC.swift in Sources */ = {isa = PBXBuildFile; fileRef = BD55310B22464A900062F894 /* ResidentVC.swift */; };
		BD553111224660810062F894 /* ResidentCell.swift in Sources */ = {isa = PBXBuildFile; fileRef = BD55310F224660810062F894 /* ResidentCell.swift */; };
		BD553112224660810062F894 /* ResidentCell.xib in Resources */ = {isa = PBXBuildFile; fileRef = BD553110224660810062F894 /* ResidentCell.xib */; };
		BD553115224662030062F894 /* View+Extension.swift in Sources */ = {isa = PBXBuildFile; fileRef = BD553114224662030062F894 /* View+Extension.swift */; };
		BD553117224669C20062F894 /* Facility.swift in Sources */ = {isa = PBXBuildFile; fileRef = BD553116224669C20062F894 /* Facility.swift */; };
		BD5531192246B4950062F894 /* Resident.swift in Sources */ = {isa = PBXBuildFile; fileRef = BD5531182246B4950062F894 /* Resident.swift */; };
		BD55311C2247911D0062F894 /* MessageCell.swift in Sources */ = {isa = PBXBuildFile; fileRef = BD55311A2247911D0062F894 /* MessageCell.swift */; };
		BD55311D2247911D0062F894 /* MessageCell.xib in Resources */ = {isa = PBXBuildFile; fileRef = BD55311B2247911D0062F894 /* MessageCell.xib */; };
		BD55311F224794770062F894 /* MessageVC.swift in Sources */ = {isa = PBXBuildFile; fileRef = BD55311E224794770062F894 /* MessageVC.swift */; };
		BD6F132022723890002795F0 /* PhotoGallery.swift in Sources */ = {isa = PBXBuildFile; fileRef = BD6F131F22723890002795F0 /* PhotoGallery.swift */; };
		BD6F13222274557C002795F0 /* Calendar.swift in Sources */ = {isa = PBXBuildFile; fileRef = BD6F13212274557C002795F0 /* Calendar.swift */; };
		BD6F132422745AC9002795F0 /* TimeState.swift in Sources */ = {isa = PBXBuildFile; fileRef = BD6F132322745AC9002795F0 /* TimeState.swift */; };
		BD6F378C2255FD0000BB133F /* Protocol.swift in Sources */ = {isa = PBXBuildFile; fileRef = BD6F378B2255FD0000BB133F /* Protocol.swift */; };
		BD6F378E2255FD5500BB133F /* AudioPlayer.swift in Sources */ = {isa = PBXBuildFile; fileRef = BD6F378D2255FD5500BB133F /* AudioPlayer.swift */; };
		BD948184225FDB9B004345AB /* NotificationService.swift in Sources */ = {isa = PBXBuildFile; fileRef = BD948183225FDB9B004345AB /* NotificationService.swift */; };
		BD948188225FDB9B004345AB /* PusherExtension.appex in Embed App Extensions */ = {isa = PBXBuildFile; fileRef = BD948181225FDB9B004345AB /* PusherExtension.appex */; settings = {ATTRIBUTES = (RemoveHeadersOnCopy, ); }; };
		BD999F1E224570DE00F7D1AB /* AppDelegate.swift in Sources */ = {isa = PBXBuildFile; fileRef = BD999F1D224570DE00F7D1AB /* AppDelegate.swift */; };
		BD999F20224570DE00F7D1AB /* LoginVC.swift in Sources */ = {isa = PBXBuildFile; fileRef = BD999F1F224570DE00F7D1AB /* LoginVC.swift */; };
		BD999F23224570DE00F7D1AB /* Main.storyboard in Resources */ = {isa = PBXBuildFile; fileRef = BD999F21224570DE00F7D1AB /* Main.storyboard */; };
		BD999F25224570DF00F7D1AB /* Assets.xcassets in Resources */ = {isa = PBXBuildFile; fileRef = BD999F24224570DF00F7D1AB /* Assets.xcassets */; };
		BD999F28224570DF00F7D1AB /* LaunchScreen.storyboard in Resources */ = {isa = PBXBuildFile; fileRef = BD999F26224570DF00F7D1AB /* LaunchScreen.storyboard */; };
		BD999F3C224571E400F7D1AB /* DateManager.swift in Sources */ = {isa = PBXBuildFile; fileRef = BD999F33224571E400F7D1AB /* DateManager.swift */; };
		BD999F3D224571E400F7D1AB /* ActivityIndicator.swift in Sources */ = {isa = PBXBuildFile; fileRef = BD999F34224571E400F7D1AB /* ActivityIndicator.swift */; };
		BD999F3E224571E400F7D1AB /* ImageManager.swift in Sources */ = {isa = PBXBuildFile; fileRef = BD999F35224571E400F7D1AB /* ImageManager.swift */; };
		BD999F40224571E400F7D1AB /* JSONManager.swift in Sources */ = {isa = PBXBuildFile; fileRef = BD999F37224571E400F7D1AB /* JSONManager.swift */; };
		BD999F41224571E400F7D1AB /* WindowManager.swift in Sources */ = {isa = PBXBuildFile; fileRef = BD999F38224571E400F7D1AB /* WindowManager.swift */; };
		BD999F42224571E400F7D1AB /* SessionManager.swift in Sources */ = {isa = PBXBuildFile; fileRef = BD999F39224571E400F7D1AB /* SessionManager.swift */; };
		BD999F43224571E400F7D1AB /* WebService.swift in Sources */ = {isa = PBXBuildFile; fileRef = BD999F3A224571E400F7D1AB /* WebService.swift */; };
		BD999F44224571E400F7D1AB /* APIConst.swift in Sources */ = {isa = PBXBuildFile; fileRef = BD999F3B224571E400F7D1AB /* APIConst.swift */; };
		BD999F4622457E7F00F7D1AB /* BaseModel.swift in Sources */ = {isa = PBXBuildFile; fileRef = BD999F4522457E7F00F7D1AB /* BaseModel.swift */; };
		BD999F482246226500F7D1AB /* Login.swift in Sources */ = {isa = PBXBuildFile; fileRef = BD999F472246226500F7D1AB /* Login.swift */; };
		BDB2B024225F589D003D9FB5 /* Caressa.xcdatamodeld in Sources */ = {isa = PBXBuildFile; fileRef = BDB2B022225F589D003D9FB5 /* Caressa.xcdatamodeld */; };
		BDB2B026225F5B80003D9FB5 /* DBManager.swift in Sources */ = {isa = PBXBuildFile; fileRef = BDB2B025225F5B80003D9FB5 /* DBManager.swift */; };
		BDEBA83B224F9766005F3EDE /* ProfilePageVC.swift in Sources */ = {isa = PBXBuildFile; fileRef = BDEBA83A224F9766005F3EDE /* ProfilePageVC.swift */; };
		BDEBA83D224FA642005F3EDE /* SettingsVC.swift in Sources */ = {isa = PBXBuildFile; fileRef = BDEBA83C224FA642005F3EDE /* SettingsVC.swift */; };
		BDF52C4922626AA50016E69C /* ZoomedPhotoViewController.swift in Sources */ = {isa = PBXBuildFile; fileRef = BDF52C4722626AA40016E69C /* ZoomedPhotoViewController.swift */; };
		BDF52C4A22626AA50016E69C /* ZoomableImageSlider.swift in Sources */ = {isa = PBXBuildFile; fileRef = BDF52C4822626AA50016E69C /* ZoomableImageSlider.swift */; };
		BDF52C4C226270590016E69C /* MorningCheckIn.swift in Sources */ = {isa = PBXBuildFile; fileRef = BDF52C4B226270590016E69C /* MorningCheckIn.swift */; };
/* End PBXBuildFile section */

/* Begin PBXContainerItemProxy section */
		BD948186225FDB9B004345AB /* PBXContainerItemProxy */ = {
			isa = PBXContainerItemProxy;
			containerPortal = BD999F12224570DE00F7D1AB /* Project object */;
			proxyType = 1;
			remoteGlobalIDString = BD948180225FDB9B004345AB;
			remoteInfo = PusherExtension;
		};
/* End PBXContainerItemProxy section */

/* Begin PBXCopyFilesBuildPhase section */
		BD94818C225FDB9B004345AB /* Embed App Extensions */ = {
			isa = PBXCopyFilesBuildPhase;
			buildActionMask = 2147483647;
			dstPath = "";
			dstSubfolderSpec = 13;
			files = (
				BD948188225FDB9B004345AB /* PusherExtension.appex in Embed App Extensions */,
			);
			name = "Embed App Extensions";
			runOnlyForDeploymentPostprocessing = 0;
		};
/* End PBXCopyFilesBuildPhase section */

/* Begin PBXFileReference section */
		8C42BDB2AFF7A7A34E2041F0 /* Pods_Caressa.framework */ = {isa = PBXFileReference; explicitFileType = wrapper.framework; includeInIndex = 0; path = Pods_Caressa.framework; sourceTree = BUILT_PRODUCTS_DIR; };
		AB9087BDDB00E17FE2795247 /* Pods-Caressa.release.xcconfig */ = {isa = PBXFileReference; includeInIndex = 1; lastKnownFileType = text.xcconfig; name = "Pods-Caressa.release.xcconfig"; path = "Pods/Target Support Files/Pods-Caressa/Pods-Caressa.release.xcconfig"; sourceTree = "<group>"; };
		BD12354822528A4F00FF1638 /* User.swift */ = {isa = PBXFileReference; lastKnownFileType = sourcecode.swift; path = User.swift; sourceTree = "<group>"; };
		BD12354A225296C700FF1638 /* AmazonModel.swift */ = {isa = PBXFileReference; lastKnownFileType = sourcecode.swift; path = AmazonModel.swift; sourceTree = "<group>"; };
		BD145CA62257D1A40040BAAC /* SendMessage.swift */ = {isa = PBXFileReference; lastKnownFileType = sourcecode.swift; path = SendMessage.swift; sourceTree = "<group>"; };
		BD145CA82258B19A0040BAAC /* CalendarCell.swift */ = {isa = PBXFileReference; lastKnownFileType = sourcecode.swift; path = CalendarCell.swift; sourceTree = "<group>"; };
		BD145CA92258B19A0040BAAC /* CalendarCell.xib */ = {isa = PBXFileReference; lastKnownFileType = file.xib; path = CalendarCell.xib; sourceTree = "<group>"; };
		BD145CAC2258C5BB0040BAAC /* PhotosVC.swift */ = {isa = PBXFileReference; lastKnownFileType = sourcecode.swift; path = PhotosVC.swift; sourceTree = "<group>"; };
		BD145CAE2258C61C0040BAAC /* PhotoCell.swift */ = {isa = PBXFileReference; lastKnownFileType = sourcecode.swift; path = PhotoCell.swift; sourceTree = "<group>"; };
		BD145CAF2258C61C0040BAAC /* PhotoCell.xib */ = {isa = PBXFileReference; lastKnownFileType = file.xib; path = PhotoCell.xib; sourceTree = "<group>"; };
		BD145CB62258D1010040BAAC /* PhotoHeaderView.swift */ = {isa = PBXFileReference; lastKnownFileType = sourcecode.swift; path = PhotoHeaderView.swift; sourceTree = "<group>"; };
		BD145CB82258EBBF0040BAAC /* PusherManager.swift */ = {isa = PBXFileReference; lastKnownFileType = sourcecode.swift; path = PusherManager.swift; sourceTree = "<group>"; };
		BD14E65B224F4BAE001B12BE /* CalendarVC.swift */ = {isa = PBXFileReference; lastKnownFileType = sourcecode.swift; path = CalendarVC.swift; sourceTree = "<group>"; };
		BD14E65D224F5879001B12BE /* NewMemberVC.swift */ = {isa = PBXFileReference; lastKnownFileType = sourcecode.swift; path = NewMemberVC.swift; sourceTree = "<group>"; };
		BD14E65F224F61DD001B12BE /* NewMessageVC.swift */ = {isa = PBXFileReference; lastKnownFileType = sourcecode.swift; path = NewMessageVC.swift; sourceTree = "<group>"; };
		BD14E661224F6984001B12BE /* MessageThreadCell.swift */ = {isa = PBXFileReference; lastKnownFileType = sourcecode.swift; path = MessageThreadCell.swift; sourceTree = "<group>"; };
		BD14E662224F6984001B12BE /* MessageThreadCell.xib */ = {isa = PBXFileReference; lastKnownFileType = file.xib; path = MessageThreadCell.xib; sourceTree = "<group>"; };
		BD14E665224F6D89001B12BE /* MessageThread.swift */ = {isa = PBXFileReference; lastKnownFileType = sourcecode.swift; path = MessageThread.swift; sourceTree = "<group>"; };
		BD14E667224F6E52001B12BE /* Message.swift */ = {isa = PBXFileReference; lastKnownFileType = sourcecode.swift; path = Message.swift; sourceTree = "<group>"; };
		BD14E669224F832F001B12BE /* MessageThreadVC.swift */ = {isa = PBXFileReference; lastKnownFileType = sourcecode.swift; path = MessageThreadVC.swift; sourceTree = "<group>"; };
		BD159BC6225685A100701370 /* SearchVC.swift */ = {isa = PBXFileReference; lastKnownFileType = sourcecode.swift; path = SearchVC.swift; sourceTree = "<group>"; };
		BD159BC82256978C00701370 /* AudioRecorder.swift */ = {isa = PBXFileReference; lastKnownFileType = sourcecode.swift; path = AudioRecorder.swift; sourceTree = "<group>"; };
		BD189386225BEEC2005660B7 /* GSImageViewer.swift */ = {isa = PBXFileReference; lastKnownFileType = sourcecode.swift; path = GSImageViewer.swift; sourceTree = "<group>"; };
		BD374A4422836F0F00360D85 /* TemporaryProfile.swift */ = {isa = PBXFileReference; lastKnownFileType = sourcecode.swift; path = TemporaryProfile.swift; sourceTree = "<group>"; };
		BD47E9BB224C14CB009B9887 /* MorningStatusVC.swift */ = {isa = PBXFileReference; lastKnownFileType = sourcecode.swift; path = MorningStatusVC.swift; sourceTree = "<group>"; };
		BD4E029A226B1E99007C17D9 /* UserSettings.swift */ = {isa = PBXFileReference; lastKnownFileType = sourcecode.swift; path = UserSettings.swift; sourceTree = "<group>"; };
		BD4E029C226B6EBB007C17D9 /* PusherModel.swift */ = {isa = PBXFileReference; lastKnownFileType = sourcecode.swift; path = PusherModel.swift; sourceTree = "<group>"; };
		BD55310B22464A900062F894 /* ResidentVC.swift */ = {isa = PBXFileReference; lastKnownFileType = sourcecode.swift; path = ResidentVC.swift; sourceTree = "<group>"; };
		BD55310F224660810062F894 /* ResidentCell.swift */ = {isa = PBXFileReference; lastKnownFileType = sourcecode.swift; path = ResidentCell.swift; sourceTree = "<group>"; };
		BD553110224660810062F894 /* ResidentCell.xib */ = {isa = PBXFileReference; lastKnownFileType = file.xib; path = ResidentCell.xib; sourceTree = "<group>"; };
		BD553114224662030062F894 /* View+Extension.swift */ = {isa = PBXFileReference; lastKnownFileType = sourcecode.swift; path = "View+Extension.swift"; sourceTree = "<group>"; };
		BD553116224669C20062F894 /* Facility.swift */ = {isa = PBXFileReference; lastKnownFileType = sourcecode.swift; path = Facility.swift; sourceTree = "<group>"; };
		BD5531182246B4950062F894 /* Resident.swift */ = {isa = PBXFileReference; lastKnownFileType = sourcecode.swift; path = Resident.swift; sourceTree = "<group>"; };
		BD55311A2247911D0062F894 /* MessageCell.swift */ = {isa = PBXFileReference; lastKnownFileType = sourcecode.swift; path = MessageCell.swift; sourceTree = "<group>"; };
		BD55311B2247911D0062F894 /* MessageCell.xib */ = {isa = PBXFileReference; lastKnownFileType = file.xib; path = MessageCell.xib; sourceTree = "<group>"; };
		BD55311E224794770062F894 /* MessageVC.swift */ = {isa = PBXFileReference; lastKnownFileType = sourcecode.swift; path = MessageVC.swift; sourceTree = "<group>"; };
		BD6F131F22723890002795F0 /* PhotoGallery.swift */ = {isa = PBXFileReference; lastKnownFileType = sourcecode.swift; path = PhotoGallery.swift; sourceTree = "<group>"; };
		BD6F13212274557C002795F0 /* Calendar.swift */ = {isa = PBXFileReference; lastKnownFileType = sourcecode.swift; path = Calendar.swift; sourceTree = "<group>"; };
		BD6F132322745AC9002795F0 /* TimeState.swift */ = {isa = PBXFileReference; lastKnownFileType = sourcecode.swift; path = TimeState.swift; sourceTree = "<group>"; };
		BD6F378B2255FD0000BB133F /* Protocol.swift */ = {isa = PBXFileReference; lastKnownFileType = sourcecode.swift; path = Protocol.swift; sourceTree = "<group>"; };
		BD6F378D2255FD5500BB133F /* AudioPlayer.swift */ = {isa = PBXFileReference; lastKnownFileType = sourcecode.swift; path = AudioPlayer.swift; sourceTree = "<group>"; };
		BD94817C225FD34F004345AB /* Caressa.entitlements */ = {isa = PBXFileReference; lastKnownFileType = text.plist.entitlements; path = Caressa.entitlements; sourceTree = "<group>"; };
		BD948181225FDB9B004345AB /* PusherExtension.appex */ = {isa = PBXFileReference; explicitFileType = "wrapper.app-extension"; includeInIndex = 0; path = PusherExtension.appex; sourceTree = BUILT_PRODUCTS_DIR; };
		BD948183225FDB9B004345AB /* NotificationService.swift */ = {isa = PBXFileReference; lastKnownFileType = sourcecode.swift; path = NotificationService.swift; sourceTree = "<group>"; };
		BD948185225FDB9B004345AB /* Info.plist */ = {isa = PBXFileReference; lastKnownFileType = text.plist.xml; path = Info.plist; sourceTree = "<group>"; };
		BD999F1A224570DE00F7D1AB /* Caressa.app */ = {isa = PBXFileReference; explicitFileType = wrapper.application; includeInIndex = 0; path = Caressa.app; sourceTree = BUILT_PRODUCTS_DIR; };
		BD999F1D224570DE00F7D1AB /* AppDelegate.swift */ = {isa = PBXFileReference; lastKnownFileType = sourcecode.swift; path = AppDelegate.swift; sourceTree = "<group>"; };
		BD999F1F224570DE00F7D1AB /* LoginVC.swift */ = {isa = PBXFileReference; lastKnownFileType = sourcecode.swift; path = LoginVC.swift; sourceTree = "<group>"; };
		BD999F22224570DE00F7D1AB /* Base */ = {isa = PBXFileReference; lastKnownFileType = file.storyboard; name = Base; path = Base.lproj/Main.storyboard; sourceTree = "<group>"; };
		BD999F24224570DF00F7D1AB /* Assets.xcassets */ = {isa = PBXFileReference; lastKnownFileType = folder.assetcatalog; path = Assets.xcassets; sourceTree = "<group>"; };
		BD999F27224570DF00F7D1AB /* Base */ = {isa = PBXFileReference; lastKnownFileType = file.storyboard; name = Base; path = Base.lproj/LaunchScreen.storyboard; sourceTree = "<group>"; };
		BD999F29224570DF00F7D1AB /* Info.plist */ = {isa = PBXFileReference; lastKnownFileType = text.plist.xml; path = Info.plist; sourceTree = "<group>"; };
		BD999F33224571E400F7D1AB /* DateManager.swift */ = {isa = PBXFileReference; fileEncoding = 4; lastKnownFileType = sourcecode.swift; path = DateManager.swift; sourceTree = "<group>"; };
		BD999F34224571E400F7D1AB /* ActivityIndicator.swift */ = {isa = PBXFileReference; fileEncoding = 4; lastKnownFileType = sourcecode.swift; path = ActivityIndicator.swift; sourceTree = "<group>"; };
		BD999F35224571E400F7D1AB /* ImageManager.swift */ = {isa = PBXFileReference; fileEncoding = 4; lastKnownFileType = sourcecode.swift; path = ImageManager.swift; sourceTree = "<group>"; };
		BD999F37224571E400F7D1AB /* JSONManager.swift */ = {isa = PBXFileReference; fileEncoding = 4; lastKnownFileType = sourcecode.swift; path = JSONManager.swift; sourceTree = "<group>"; };
		BD999F38224571E400F7D1AB /* WindowManager.swift */ = {isa = PBXFileReference; fileEncoding = 4; lastKnownFileType = sourcecode.swift; path = WindowManager.swift; sourceTree = "<group>"; };
		BD999F39224571E400F7D1AB /* SessionManager.swift */ = {isa = PBXFileReference; fileEncoding = 4; lastKnownFileType = sourcecode.swift; path = SessionManager.swift; sourceTree = "<group>"; };
		BD999F3A224571E400F7D1AB /* WebService.swift */ = {isa = PBXFileReference; fileEncoding = 4; lastKnownFileType = sourcecode.swift; path = WebService.swift; sourceTree = "<group>"; };
		BD999F3B224571E400F7D1AB /* APIConst.swift */ = {isa = PBXFileReference; fileEncoding = 4; lastKnownFileType = sourcecode.swift; path = APIConst.swift; sourceTree = "<group>"; };
		BD999F4522457E7F00F7D1AB /* BaseModel.swift */ = {isa = PBXFileReference; lastKnownFileType = sourcecode.swift; path = BaseModel.swift; sourceTree = "<group>"; };
		BD999F472246226500F7D1AB /* Login.swift */ = {isa = PBXFileReference; lastKnownFileType = sourcecode.swift; path = Login.swift; sourceTree = "<group>"; };
		BDB2B023225F589D003D9FB5 /* Caressa.xcdatamodel */ = {isa = PBXFileReference; lastKnownFileType = wrapper.xcdatamodel; path = Caressa.xcdatamodel; sourceTree = "<group>"; };
		BDB2B025225F5B80003D9FB5 /* DBManager.swift */ = {isa = PBXFileReference; lastKnownFileType = sourcecode.swift; path = DBManager.swift; sourceTree = "<group>"; };
		BDEBA83A224F9766005F3EDE /* ProfilePageVC.swift */ = {isa = PBXFileReference; lastKnownFileType = sourcecode.swift; path = ProfilePageVC.swift; sourceTree = "<group>"; };
		BDEBA83C224FA642005F3EDE /* SettingsVC.swift */ = {isa = PBXFileReference; lastKnownFileType = sourcecode.swift; path = SettingsVC.swift; sourceTree = "<group>"; };
		BDF52C4722626AA40016E69C /* ZoomedPhotoViewController.swift */ = {isa = PBXFileReference; fileEncoding = 4; lastKnownFileType = sourcecode.swift; path = ZoomedPhotoViewController.swift; sourceTree = "<group>"; };
		BDF52C4822626AA50016E69C /* ZoomableImageSlider.swift */ = {isa = PBXFileReference; fileEncoding = 4; lastKnownFileType = sourcecode.swift; path = ZoomableImageSlider.swift; sourceTree = "<group>"; };
		BDF52C4B226270590016E69C /* MorningCheckIn.swift */ = {isa = PBXFileReference; lastKnownFileType = sourcecode.swift; path = MorningCheckIn.swift; sourceTree = "<group>"; };
		C94E6D0D2F2268D608986E87 /* Pods-Caressa.debug.xcconfig */ = {isa = PBXFileReference; includeInIndex = 1; lastKnownFileType = text.xcconfig; name = "Pods-Caressa.debug.xcconfig"; path = "Pods/Target Support Files/Pods-Caressa/Pods-Caressa.debug.xcconfig"; sourceTree = "<group>"; };
/* End PBXFileReference section */

/* Begin PBXFrameworksBuildPhase section */
		BD94817E225FDB9B004345AB /* Frameworks */ = {
			isa = PBXFrameworksBuildPhase;
			buildActionMask = 2147483647;
			files = (
			);
			runOnlyForDeploymentPostprocessing = 0;
		};
		BD999F17224570DE00F7D1AB /* Frameworks */ = {
			isa = PBXFrameworksBuildPhase;
			buildActionMask = 2147483647;
			files = (
				9DAFAB8A9A087D3D29DE7514 /* Pods_Caressa.framework in Frameworks */,
			);
			runOnlyForDeploymentPostprocessing = 0;
		};
/* End PBXFrameworksBuildPhase section */

/* Begin PBXGroup section */
		9429D26D7604FD6717C04EBA /* Frameworks */ = {
			isa = PBXGroup;
			children = (
				8C42BDB2AFF7A7A34E2041F0 /* Pods_Caressa.framework */,
			);
			name = Frameworks;
			sourceTree = "<group>";
		};
		BD553113224660880062F894 /* Cell */ = {
			isa = PBXGroup;
			children = (
				BD553110224660810062F894 /* ResidentCell.xib */,
				BD55310F224660810062F894 /* ResidentCell.swift */,
				BD55311A2247911D0062F894 /* MessageCell.swift */,
				BD55311B2247911D0062F894 /* MessageCell.xib */,
				BD14E661224F6984001B12BE /* MessageThreadCell.swift */,
				BD14E662224F6984001B12BE /* MessageThreadCell.xib */,
				BD145CA82258B19A0040BAAC /* CalendarCell.swift */,
				BD145CA92258B19A0040BAAC /* CalendarCell.xib */,
				BD145CAE2258C61C0040BAAC /* PhotoCell.swift */,
				BD145CAF2258C61C0040BAAC /* PhotoCell.xib */,
				BD145CB62258D1010040BAAC /* PhotoHeaderView.swift */,
			);
			path = Cell;
			sourceTree = "<group>";
		};
		BD948182225FDB9B004345AB /* PusherExtension */ = {
			isa = PBXGroup;
			children = (
				BD948183225FDB9B004345AB /* NotificationService.swift */,
				BD948185225FDB9B004345AB /* Info.plist */,
			);
			path = PusherExtension;
			sourceTree = "<group>";
		};
		BD999F11224570DE00F7D1AB = {
			isa = PBXGroup;
			children = (
				BD999F1C224570DE00F7D1AB /* Caressa */,
				BD948182225FDB9B004345AB /* PusherExtension */,
				BD999F1B224570DE00F7D1AB /* Products */,
				E1E06B96341BF3632605B386 /* Pods */,
				9429D26D7604FD6717C04EBA /* Frameworks */,
			);
			sourceTree = "<group>";
		};
		BD999F1B224570DE00F7D1AB /* Products */ = {
			isa = PBXGroup;
			children = (
				BD999F1A224570DE00F7D1AB /* Caressa.app */,
				BD948181225FDB9B004345AB /* PusherExtension.appex */,
			);
			name = Products;
			sourceTree = "<group>";
		};
		BD999F1C224570DE00F7D1AB /* Caressa */ = {
			isa = PBXGroup;
			children = (
				BD94817C225FD34F004345AB /* Caressa.entitlements */,
				BD999F2F2245711800F7D1AB /* ViewController */,
				BD999F312245714000F7D1AB /* View */,
				BD999F32224571CB00F7D1AB /* Controller */,
				BD999F302245712700F7D1AB /* Model */,
				BD999F1D224570DE00F7D1AB /* AppDelegate.swift */,
				BDB2B022225F589D003D9FB5 /* Caressa.xcdatamodeld */,
				BD999F29224570DF00F7D1AB /* Info.plist */,
			);
			path = Caressa;
			sourceTree = "<group>";
		};
		BD999F2F2245711800F7D1AB /* ViewController */ = {
			isa = PBXGroup;
			children = (
				BD999F1F224570DE00F7D1AB /* LoginVC.swift */,
				BD55310B22464A900062F894 /* ResidentVC.swift */,
				BD55311E224794770062F894 /* MessageVC.swift */,
				BD14E669224F832F001B12BE /* MessageThreadVC.swift */,
				BD47E9BB224C14CB009B9887 /* MorningStatusVC.swift */,
				BD14E65B224F4BAE001B12BE /* CalendarVC.swift */,
				BD14E65D224F5879001B12BE /* NewMemberVC.swift */,
				BD14E65F224F61DD001B12BE /* NewMessageVC.swift */,
				BDEBA83A224F9766005F3EDE /* ProfilePageVC.swift */,
				BD145CAC2258C5BB0040BAAC /* PhotosVC.swift */,
				BDEBA83C224FA642005F3EDE /* SettingsVC.swift */,
				BD159BC6225685A100701370 /* SearchVC.swift */,
			);
			path = ViewController;
			sourceTree = "<group>";
		};
		BD999F302245712700F7D1AB /* Model */ = {
			isa = PBXGroup;
			children = (
				BD999F4522457E7F00F7D1AB /* BaseModel.swift */,
				BD999F472246226500F7D1AB /* Login.swift */,
				BD553116224669C20062F894 /* Facility.swift */,
				BD5531182246B4950062F894 /* Resident.swift */,
				BD14E665224F6D89001B12BE /* MessageThread.swift */,
				BD14E667224F6E52001B12BE /* Message.swift */,
				BD12354822528A4F00FF1638 /* User.swift */,
				BD12354A225296C700FF1638 /* AmazonModel.swift */,
				BD145CA62257D1A40040BAAC /* SendMessage.swift */,
				BDF52C4B226270590016E69C /* MorningCheckIn.swift */,
				BD4E029C226B6EBB007C17D9 /* PusherModel.swift */,
				BD6F131F22723890002795F0 /* PhotoGallery.swift */,
				BD6F13212274557C002795F0 /* Calendar.swift */,
				BD6F132322745AC9002795F0 /* TimeState.swift */,
				BD374A4422836F0F00360D85 /* TemporaryProfile.swift */,
			);
			path = Model;
			sourceTree = "<group>";
		};
		BD999F312245714000F7D1AB /* View */ = {
			isa = PBXGroup;
			children = (
				BD999F21224570DE00F7D1AB /* Main.storyboard */,
				BD999F26224570DF00F7D1AB /* LaunchScreen.storyboard */,
				BD553113224660880062F894 /* Cell */,
				BD999F24224570DF00F7D1AB /* Assets.xcassets */,
			);
			path = View;
			sourceTree = "<group>";
		};
		BD999F32224571CB00F7D1AB /* Controller */ = {
			isa = PBXGroup;
			children = (
				BD999F34224571E400F7D1AB /* ActivityIndicator.swift */,
				BD999F3B224571E400F7D1AB /* APIConst.swift */,
				BD999F33224571E400F7D1AB /* DateManager.swift */,
				BD999F35224571E400F7D1AB /* ImageManager.swift */,
				BD999F37224571E400F7D1AB /* JSONManager.swift */,
				BD999F38224571E400F7D1AB /* WindowManager.swift */,
				BD999F39224571E400F7D1AB /* SessionManager.swift */,
				BD999F3A224571E400F7D1AB /* WebService.swift */,
				BD553114224662030062F894 /* View+Extension.swift */,
				BD6F378B2255FD0000BB133F /* Protocol.swift */,
				BD6F378D2255FD5500BB133F /* AudioPlayer.swift */,
				BD159BC82256978C00701370 /* AudioRecorder.swift */,
				BD145CB82258EBBF0040BAAC /* PusherManager.swift */,
				BD189386225BEEC2005660B7 /* GSImageViewer.swift */,
				BDB2B025225F5B80003D9FB5 /* DBManager.swift */,
				BDF52C4822626AA50016E69C /* ZoomableImageSlider.swift */,
				BDF52C4722626AA40016E69C /* ZoomedPhotoViewController.swift */,
				BD4E029A226B1E99007C17D9 /* UserSettings.swift */,
			);
			path = Controller;
			sourceTree = "<group>";
		};
		E1E06B96341BF3632605B386 /* Pods */ = {
			isa = PBXGroup;
			children = (
				C94E6D0D2F2268D608986E87 /* Pods-Caressa.debug.xcconfig */,
				AB9087BDDB00E17FE2795247 /* Pods-Caressa.release.xcconfig */,
			);
			name = Pods;
			sourceTree = "<group>";
		};
/* End PBXGroup section */

/* Begin PBXNativeTarget section */
		BD948180225FDB9B004345AB /* PusherExtension */ = {
			isa = PBXNativeTarget;
			buildConfigurationList = BD948189225FDB9B004345AB /* Build configuration list for PBXNativeTarget "PusherExtension" */;
			buildPhases = (
				BD94817D225FDB9B004345AB /* Sources */,
				BD94817E225FDB9B004345AB /* Frameworks */,
				BD94817F225FDB9B004345AB /* Resources */,
			);
			buildRules = (
			);
			dependencies = (
			);
			name = PusherExtension;
			productName = PusherExtension;
			productReference = BD948181225FDB9B004345AB /* PusherExtension.appex */;
			productType = "com.apple.product-type.app-extension";
		};
		BD999F19224570DE00F7D1AB /* Caressa */ = {
			isa = PBXNativeTarget;
			buildConfigurationList = BD999F2C224570DF00F7D1AB /* Build configuration list for PBXNativeTarget "Caressa" */;
			buildPhases = (
				BB2FDAC3250FDBB856E2FDCB /* [CP] Check Pods Manifest.lock */,
				BD999F16224570DE00F7D1AB /* Sources */,
				BD999F17224570DE00F7D1AB /* Frameworks */,
				BD999F18224570DE00F7D1AB /* Resources */,
				C31EC498AC8DBB8D5AD783D6 /* [CP] Embed Pods Frameworks */,
				BD94818C225FDB9B004345AB /* Embed App Extensions */,
			);
			buildRules = (
			);
			dependencies = (
				BD948187225FDB9B004345AB /* PBXTargetDependency */,
			);
			name = Caressa;
			productName = Caressa;
			productReference = BD999F1A224570DE00F7D1AB /* Caressa.app */;
			productType = "com.apple.product-type.application";
		};
/* End PBXNativeTarget section */

/* Begin PBXProject section */
		BD999F12224570DE00F7D1AB /* Project object */ = {
			isa = PBXProject;
			attributes = {
				LastSwiftUpdateCheck = 1020;
				LastUpgradeCheck = 1010;
				ORGANIZATIONNAME = "Hüseyin Metin";
				TargetAttributes = {
					BD948180225FDB9B004345AB = {
						CreatedOnToolsVersion = 10.2;
					};
					BD999F19224570DE00F7D1AB = {
						CreatedOnToolsVersion = 10.1;
						SystemCapabilities = {
							com.apple.BackgroundModes = {
								enabled = 1;
							};
							com.apple.Push = {
								enabled = 1;
							};
						};
					};
				};
			};
			buildConfigurationList = BD999F15224570DE00F7D1AB /* Build configuration list for PBXProject "Caressa" */;
			compatibilityVersion = "Xcode 9.3";
			developmentRegion = en;
			hasScannedForEncodings = 0;
			knownRegions = (
				en,
				Base,
			);
			mainGroup = BD999F11224570DE00F7D1AB;
			productRefGroup = BD999F1B224570DE00F7D1AB /* Products */;
			projectDirPath = "";
			projectRoot = "";
			targets = (
				BD999F19224570DE00F7D1AB /* Caressa */,
				BD948180225FDB9B004345AB /* PusherExtension */,
			);
		};
/* End PBXProject section */

/* Begin PBXResourcesBuildPhase section */
		BD94817F225FDB9B004345AB /* Resources */ = {
			isa = PBXResourcesBuildPhase;
			buildActionMask = 2147483647;
			files = (
			);
			runOnlyForDeploymentPostprocessing = 0;
		};
		BD999F18224570DE00F7D1AB /* Resources */ = {
			isa = PBXResourcesBuildPhase;
			buildActionMask = 2147483647;
			files = (
				BD145CB12258C61C0040BAAC /* PhotoCell.xib in Resources */,
				BD55311D2247911D0062F894 /* MessageCell.xib in Resources */,
				BD14E664224F6984001B12BE /* MessageThreadCell.xib in Resources */,
				BD999F28224570DF00F7D1AB /* LaunchScreen.storyboard in Resources */,
				BD145CAB2258B19A0040BAAC /* CalendarCell.xib in Resources */,
				BD999F25224570DF00F7D1AB /* Assets.xcassets in Resources */,
				BD999F23224570DE00F7D1AB /* Main.storyboard in Resources */,
				BD553112224660810062F894 /* ResidentCell.xib in Resources */,
			);
			runOnlyForDeploymentPostprocessing = 0;
		};
/* End PBXResourcesBuildPhase section */

/* Begin PBXShellScriptBuildPhase section */
		BB2FDAC3250FDBB856E2FDCB /* [CP] Check Pods Manifest.lock */ = {
			isa = PBXShellScriptBuildPhase;
			buildActionMask = 2147483647;
			files = (
			);
			inputFileListPaths = (
			);
			inputPaths = (
				"${PODS_PODFILE_DIR_PATH}/Podfile.lock",
				"${PODS_ROOT}/Manifest.lock",
			);
			name = "[CP] Check Pods Manifest.lock";
			outputFileListPaths = (
			);
			outputPaths = (
				"$(DERIVED_FILE_DIR)/Pods-Caressa-checkManifestLockResult.txt",
			);
			runOnlyForDeploymentPostprocessing = 0;
			shellPath = /bin/sh;
			shellScript = "diff \"${PODS_PODFILE_DIR_PATH}/Podfile.lock\" \"${PODS_ROOT}/Manifest.lock\" > /dev/null\nif [ $? != 0 ] ; then\n    # print error to STDERR\n    echo \"error: The sandbox is not in sync with the Podfile.lock. Run 'pod install' or update your CocoaPods installation.\" >&2\n    exit 1\nfi\n# This output is used by Xcode 'outputs' to avoid re-running this script phase.\necho \"SUCCESS\" > \"${SCRIPT_OUTPUT_FILE_0}\"\n";
			showEnvVarsInLog = 0;
		};
		C31EC498AC8DBB8D5AD783D6 /* [CP] Embed Pods Frameworks */ = {
			isa = PBXShellScriptBuildPhase;
			buildActionMask = 2147483647;
			files = (
			);
			inputFileListPaths = (
			);
			inputPaths = (
				"${SRCROOT}/Pods/Target Support Files/Pods-Caressa/Pods-Caressa-frameworks.sh",
				"${BUILT_PRODUCTS_DIR}/CropViewController/CropViewController.framework",
				"${BUILT_PRODUCTS_DIR}/CryptoSwift/CryptoSwift.framework",
				"${BUILT_PRODUCTS_DIR}/DKCamera/DKCamera.framework",
				"${BUILT_PRODUCTS_DIR}/DKImagePickerController/DKImagePickerController.framework",
				"${BUILT_PRODUCTS_DIR}/DKPhotoGallery/DKPhotoGallery.framework",
				"${BUILT_PRODUCTS_DIR}/FLAnimatedImage/FLAnimatedImage.framework",
				"${BUILT_PRODUCTS_DIR}/PushNotifications/PushNotifications.framework",
				"${BUILT_PRODUCTS_DIR}/PusherSwift/PusherSwift.framework",
				"${BUILT_PRODUCTS_DIR}/ReachabilitySwift/Reachability.framework",
				"${BUILT_PRODUCTS_DIR}/SDWebImage/SDWebImage.framework",
				"${BUILT_PRODUCTS_DIR}/Starscream/Starscream.framework",
				"${BUILT_PRODUCTS_DIR}/TaskQueue/TaskQueue.framework",
			);
			name = "[CP] Embed Pods Frameworks";
			outputFileListPaths = (
			);
			outputPaths = (
				"${TARGET_BUILD_DIR}/${FRAMEWORKS_FOLDER_PATH}/CropViewController.framework",
				"${TARGET_BUILD_DIR}/${FRAMEWORKS_FOLDER_PATH}/CryptoSwift.framework",
				"${TARGET_BUILD_DIR}/${FRAMEWORKS_FOLDER_PATH}/DKCamera.framework",
				"${TARGET_BUILD_DIR}/${FRAMEWORKS_FOLDER_PATH}/DKImagePickerController.framework",
				"${TARGET_BUILD_DIR}/${FRAMEWORKS_FOLDER_PATH}/DKPhotoGallery.framework",
				"${TARGET_BUILD_DIR}/${FRAMEWORKS_FOLDER_PATH}/FLAnimatedImage.framework",
				"${TARGET_BUILD_DIR}/${FRAMEWORKS_FOLDER_PATH}/PushNotifications.framework",
				"${TARGET_BUILD_DIR}/${FRAMEWORKS_FOLDER_PATH}/PusherSwift.framework",
				"${TARGET_BUILD_DIR}/${FRAMEWORKS_FOLDER_PATH}/Reachability.framework",
				"${TARGET_BUILD_DIR}/${FRAMEWORKS_FOLDER_PATH}/SDWebImage.framework",
				"${TARGET_BUILD_DIR}/${FRAMEWORKS_FOLDER_PATH}/Starscream.framework",
				"${TARGET_BUILD_DIR}/${FRAMEWORKS_FOLDER_PATH}/TaskQueue.framework",
			);
			runOnlyForDeploymentPostprocessing = 0;
			shellPath = /bin/sh;
			shellScript = "\"${SRCROOT}/Pods/Target Support Files/Pods-Caressa/Pods-Caressa-frameworks.sh\"\n";
			showEnvVarsInLog = 0;
		};
/* End PBXShellScriptBuildPhase section */

/* Begin PBXSourcesBuildPhase section */
		BD94817D225FDB9B004345AB /* Sources */ = {
			isa = PBXSourcesBuildPhase;
			buildActionMask = 2147483647;
			files = (
				BD948184225FDB9B004345AB /* NotificationService.swift in Sources */,
			);
			runOnlyForDeploymentPostprocessing = 0;
		};
		BD999F16224570DE00F7D1AB /* Sources */ = {
			isa = PBXSourcesBuildPhase;
			buildActionMask = 2147483647;
			files = (
				BD55311F224794770062F894 /* MessageVC.swift in Sources */,
				BD999F3D224571E400F7D1AB /* ActivityIndicator.swift in Sources */,
				BD6F378E2255FD5500BB133F /* AudioPlayer.swift in Sources */,
				BD12354B225296C700FF1638 /* AmazonModel.swift in Sources */,
				BD14E65C224F4BAE001B12BE /* CalendarVC.swift in Sources */,
				BD14E668224F6E52001B12BE /* Message.swift in Sources */,
				BD553111224660810062F894 /* ResidentCell.swift in Sources */,
				BD145CAA2258B19A0040BAAC /* CalendarCell.swift in Sources */,
				BD4E029D226B6EBB007C17D9 /* PusherModel.swift in Sources */,
				BD145CA72257D1A40040BAAC /* SendMessage.swift in Sources */,
				BD55310C22464A900062F894 /* ResidentVC.swift in Sources */,
				BD14E65E224F5879001B12BE /* NewMemberVC.swift in Sources */,
				BD999F44224571E400F7D1AB /* APIConst.swift in Sources */,
				BD12354922528A4F00FF1638 /* User.swift in Sources */,
				BD4E029B226B1E99007C17D9 /* UserSettings.swift in Sources */,
				BD999F4622457E7F00F7D1AB /* BaseModel.swift in Sources */,
				BD999F40224571E400F7D1AB /* JSONManager.swift in Sources */,
				BD145CB92258EBBF0040BAAC /* PusherManager.swift in Sources */,
				BD999F42224571E400F7D1AB /* SessionManager.swift in Sources */,
				BD553115224662030062F894 /* View+Extension.swift in Sources */,
				BD999F3E224571E400F7D1AB /* ImageManager.swift in Sources */,
				BDF52C4A22626AA50016E69C /* ZoomableImageSlider.swift in Sources */,
				BD6F132422745AC9002795F0 /* TimeState.swift in Sources */,
				BDEBA83B224F9766005F3EDE /* ProfilePageVC.swift in Sources */,
				BD6F132022723890002795F0 /* PhotoGallery.swift in Sources */,
				BD145CB02258C61C0040BAAC /* PhotoCell.swift in Sources */,
				BDF52C4C226270590016E69C /* MorningCheckIn.swift in Sources */,
				BD14E660224F61DD001B12BE /* NewMessageVC.swift in Sources */,
				BD999F20224570DE00F7D1AB /* LoginVC.swift in Sources */,
				BD374A4522836F0F00360D85 /* TemporaryProfile.swift in Sources */,
				BD145CB72258D1010040BAAC /* PhotoHeaderView.swift in Sources */,
				BD47E9BC224C14CB009B9887 /* MorningStatusVC.swift in Sources */,
				BD999F482246226500F7D1AB /* Login.swift in Sources */,
				BD6F13222274557C002795F0 /* Calendar.swift in Sources */,
				BDB2B024225F589D003D9FB5 /* Caressa.xcdatamodeld in Sources */,
				BD5531192246B4950062F894 /* Resident.swift in Sources */,
				BD14E663224F6984001B12BE /* MessageThreadCell.swift in Sources */,
				BD14E666224F6D89001B12BE /* MessageThread.swift in Sources */,
				BD999F41224571E400F7D1AB /* WindowManager.swift in Sources */,
				BD14E66A224F832F001B12BE /* MessageThreadVC.swift in Sources */,
				BD189387225BEEC2005660B7 /* GSImageViewer.swift in Sources */,
				BDF52C4922626AA50016E69C /* ZoomedPhotoViewController.swift in Sources */,
				BD999F3C224571E400F7D1AB /* DateManager.swift in Sources */,
				BD999F1E224570DE00F7D1AB /* AppDelegate.swift in Sources */,
				BD6F378C2255FD0000BB133F /* Protocol.swift in Sources */,
				BD159BC92256978C00701370 /* AudioRecorder.swift in Sources */,
				BD553117224669C20062F894 /* Facility.swift in Sources */,
				BD145CAD2258C5BB0040BAAC /* PhotosVC.swift in Sources */,
				BDEBA83D224FA642005F3EDE /* SettingsVC.swift in Sources */,
				BD999F43224571E400F7D1AB /* WebService.swift in Sources */,
				BD159BC7225685A100701370 /* SearchVC.swift in Sources */,
				BD55311C2247911D0062F894 /* MessageCell.swift in Sources */,
				BDB2B026225F5B80003D9FB5 /* DBManager.swift in Sources */,
			);
			runOnlyForDeploymentPostprocessing = 0;
		};
/* End PBXSourcesBuildPhase section */

/* Begin PBXTargetDependency section */
		BD948187225FDB9B004345AB /* PBXTargetDependency */ = {
			isa = PBXTargetDependency;
			target = BD948180225FDB9B004345AB /* PusherExtension */;
			targetProxy = BD948186225FDB9B004345AB /* PBXContainerItemProxy */;
		};
/* End PBXTargetDependency section */

/* Begin PBXVariantGroup section */
		BD999F21224570DE00F7D1AB /* Main.storyboard */ = {
			isa = PBXVariantGroup;
			children = (
				BD999F22224570DE00F7D1AB /* Base */,
			);
			name = Main.storyboard;
			sourceTree = "<group>";
		};
		BD999F26224570DF00F7D1AB /* LaunchScreen.storyboard */ = {
			isa = PBXVariantGroup;
			children = (
				BD999F27224570DF00F7D1AB /* Base */,
			);
			name = LaunchScreen.storyboard;
			sourceTree = "<group>";
		};
/* End PBXVariantGroup section */

/* Begin XCBuildConfiguration section */
		BD94818A225FDB9B004345AB /* Debug */ = {
			isa = XCBuildConfiguration;
			buildSettings = {
				CODE_SIGN_STYLE = Automatic;
				DEVELOPMENT_TEAM = 8MZYK4XT55;
				INFOPLIST_FILE = PusherExtension/Info.plist;
				IPHONEOS_DEPLOYMENT_TARGET = 12.2;
				LD_RUNPATH_SEARCH_PATHS = (
					"$(inherited)",
					"@executable_path/Frameworks",
					"@executable_path/../../Frameworks",
				);
				PRODUCT_BUNDLE_IDENTIFIER = com.caressa.facility.app.PusherExtension;
				PRODUCT_NAME = "$(TARGET_NAME)";
				SKIP_INSTALL = YES;
				SWIFT_VERSION = 5.0;
				TARGETED_DEVICE_FAMILY = "1,2";
			};
			name = Debug;
		};
		BD94818B225FDB9B004345AB /* Release */ = {
			isa = XCBuildConfiguration;
			buildSettings = {
				CODE_SIGN_STYLE = Automatic;
				DEVELOPMENT_TEAM = 8MZYK4XT55;
				INFOPLIST_FILE = PusherExtension/Info.plist;
				IPHONEOS_DEPLOYMENT_TARGET = 12.2;
				LD_RUNPATH_SEARCH_PATHS = (
					"$(inherited)",
					"@executable_path/Frameworks",
					"@executable_path/../../Frameworks",
				);
				PRODUCT_BUNDLE_IDENTIFIER = com.caressa.facility.app.PusherExtension;
				PRODUCT_NAME = "$(TARGET_NAME)";
				SKIP_INSTALL = YES;
				SWIFT_VERSION = 5.0;
				TARGETED_DEVICE_FAMILY = "1,2";
			};
			name = Release;
		};
		BD999F2A224570DF00F7D1AB /* Debug */ = {
			isa = XCBuildConfiguration;
			buildSettings = {
				ALWAYS_SEARCH_USER_PATHS = NO;
				CLANG_ANALYZER_NONNULL = YES;
				CLANG_ANALYZER_NUMBER_OBJECT_CONVERSION = YES_AGGRESSIVE;
				CLANG_CXX_LANGUAGE_STANDARD = "gnu++14";
				CLANG_CXX_LIBRARY = "libc++";
				CLANG_ENABLE_MODULES = YES;
				CLANG_ENABLE_OBJC_ARC = YES;
				CLANG_ENABLE_OBJC_WEAK = YES;
				CLANG_WARN_BLOCK_CAPTURE_AUTORELEASING = YES;
				CLANG_WARN_BOOL_CONVERSION = YES;
				CLANG_WARN_COMMA = YES;
				CLANG_WARN_CONSTANT_CONVERSION = YES;
				CLANG_WARN_DEPRECATED_OBJC_IMPLEMENTATIONS = YES;
				CLANG_WARN_DIRECT_OBJC_ISA_USAGE = YES_ERROR;
				CLANG_WARN_DOCUMENTATION_COMMENTS = YES;
				CLANG_WARN_EMPTY_BODY = YES;
				CLANG_WARN_ENUM_CONVERSION = YES;
				CLANG_WARN_INFINITE_RECURSION = YES;
				CLANG_WARN_INT_CONVERSION = YES;
				CLANG_WARN_NON_LITERAL_NULL_CONVERSION = YES;
				CLANG_WARN_OBJC_IMPLICIT_RETAIN_SELF = YES;
				CLANG_WARN_OBJC_LITERAL_CONVERSION = YES;
				CLANG_WARN_OBJC_ROOT_CLASS = YES_ERROR;
				CLANG_WARN_RANGE_LOOP_ANALYSIS = YES;
				CLANG_WARN_STRICT_PROTOTYPES = YES;
				CLANG_WARN_SUSPICIOUS_MOVE = YES;
				CLANG_WARN_UNGUARDED_AVAILABILITY = YES_AGGRESSIVE;
				CLANG_WARN_UNREACHABLE_CODE = YES;
				CLANG_WARN__DUPLICATE_METHOD_MATCH = YES;
				CODE_SIGN_IDENTITY = "iPhone Developer";
				COPY_PHASE_STRIP = NO;
				DEBUG_INFORMATION_FORMAT = dwarf;
				ENABLE_STRICT_OBJC_MSGSEND = YES;
				ENABLE_TESTABILITY = YES;
				GCC_C_LANGUAGE_STANDARD = gnu11;
				GCC_DYNAMIC_NO_PIC = NO;
				GCC_NO_COMMON_BLOCKS = YES;
				GCC_OPTIMIZATION_LEVEL = 0;
				GCC_PREPROCESSOR_DEFINITIONS = (
					"DEBUG=1",
					"$(inherited)",
				);
				GCC_WARN_64_TO_32_BIT_CONVERSION = YES;
				GCC_WARN_ABOUT_RETURN_TYPE = YES_ERROR;
				GCC_WARN_UNDECLARED_SELECTOR = YES;
				GCC_WARN_UNINITIALIZED_AUTOS = YES_AGGRESSIVE;
				GCC_WARN_UNUSED_FUNCTION = YES;
				GCC_WARN_UNUSED_VARIABLE = YES;
				IPHONEOS_DEPLOYMENT_TARGET = 12.1;
				MTL_ENABLE_DEBUG_INFO = INCLUDE_SOURCE;
				MTL_FAST_MATH = YES;
				ONLY_ACTIVE_ARCH = YES;
				SDKROOT = iphoneos;
				SWIFT_ACTIVE_COMPILATION_CONDITIONS = DEBUG;
				SWIFT_OPTIMIZATION_LEVEL = "-Onone";
			};
			name = Debug;
		};
		BD999F2B224570DF00F7D1AB /* Release */ = {
			isa = XCBuildConfiguration;
			buildSettings = {
				ALWAYS_SEARCH_USER_PATHS = NO;
				CLANG_ANALYZER_NONNULL = YES;
				CLANG_ANALYZER_NUMBER_OBJECT_CONVERSION = YES_AGGRESSIVE;
				CLANG_CXX_LANGUAGE_STANDARD = "gnu++14";
				CLANG_CXX_LIBRARY = "libc++";
				CLANG_ENABLE_MODULES = YES;
				CLANG_ENABLE_OBJC_ARC = YES;
				CLANG_ENABLE_OBJC_WEAK = YES;
				CLANG_WARN_BLOCK_CAPTURE_AUTORELEASING = YES;
				CLANG_WARN_BOOL_CONVERSION = YES;
				CLANG_WARN_COMMA = YES;
				CLANG_WARN_CONSTANT_CONVERSION = YES;
				CLANG_WARN_DEPRECATED_OBJC_IMPLEMENTATIONS = YES;
				CLANG_WARN_DIRECT_OBJC_ISA_USAGE = YES_ERROR;
				CLANG_WARN_DOCUMENTATION_COMMENTS = YES;
				CLANG_WARN_EMPTY_BODY = YES;
				CLANG_WARN_ENUM_CONVERSION = YES;
				CLANG_WARN_INFINITE_RECURSION = YES;
				CLANG_WARN_INT_CONVERSION = YES;
				CLANG_WARN_NON_LITERAL_NULL_CONVERSION = YES;
				CLANG_WARN_OBJC_IMPLICIT_RETAIN_SELF = YES;
				CLANG_WARN_OBJC_LITERAL_CONVERSION = YES;
				CLANG_WARN_OBJC_ROOT_CLASS = YES_ERROR;
				CLANG_WARN_RANGE_LOOP_ANALYSIS = YES;
				CLANG_WARN_STRICT_PROTOTYPES = YES;
				CLANG_WARN_SUSPICIOUS_MOVE = YES;
				CLANG_WARN_UNGUARDED_AVAILABILITY = YES_AGGRESSIVE;
				CLANG_WARN_UNREACHABLE_CODE = YES;
				CLANG_WARN__DUPLICATE_METHOD_MATCH = YES;
				CODE_SIGN_IDENTITY = "iPhone Developer";
				COPY_PHASE_STRIP = NO;
				DEBUG_INFORMATION_FORMAT = "dwarf-with-dsym";
				ENABLE_NS_ASSERTIONS = NO;
				ENABLE_STRICT_OBJC_MSGSEND = YES;
				GCC_C_LANGUAGE_STANDARD = gnu11;
				GCC_NO_COMMON_BLOCKS = YES;
				GCC_WARN_64_TO_32_BIT_CONVERSION = YES;
				GCC_WARN_ABOUT_RETURN_TYPE = YES_ERROR;
				GCC_WARN_UNDECLARED_SELECTOR = YES;
				GCC_WARN_UNINITIALIZED_AUTOS = YES_AGGRESSIVE;
				GCC_WARN_UNUSED_FUNCTION = YES;
				GCC_WARN_UNUSED_VARIABLE = YES;
				IPHONEOS_DEPLOYMENT_TARGET = 12.1;
				MTL_ENABLE_DEBUG_INFO = NO;
				MTL_FAST_MATH = YES;
				SDKROOT = iphoneos;
				SWIFT_COMPILATION_MODE = wholemodule;
				SWIFT_OPTIMIZATION_LEVEL = "-O";
				VALIDATE_PRODUCT = YES;
			};
			name = Release;
		};
		BD999F2D224570DF00F7D1AB /* Debug */ = {
			isa = XCBuildConfiguration;
			baseConfigurationReference = C94E6D0D2F2268D608986E87 /* Pods-Caressa.debug.xcconfig */;
			buildSettings = {
				ALWAYS_EMBED_SWIFT_STANDARD_LIBRARIES = YES;
				ASSETCATALOG_COMPILER_APPICON_NAME = AppIcon;
				CODE_SIGN_ENTITLEMENTS = Caressa/Caressa.entitlements;
				CODE_SIGN_STYLE = Automatic;
				DEVELOPMENT_TEAM = 8MZYK4XT55;
				INFOPLIST_FILE = Caressa/Info.plist;
				IPHONEOS_DEPLOYMENT_TARGET = 10.3;
				LD_RUNPATH_SEARCH_PATHS = (
					"$(inherited)",
					"@executable_path/Frameworks",
				);
				PRODUCT_BUNDLE_IDENTIFIER = com.caressa.facility.app;
				PRODUCT_NAME = "$(TARGET_NAME)";
				SWIFT_VERSION = 4.2;
				TARGETED_DEVICE_FAMILY = "1,2";
			};
			name = Debug;
		};
		BD999F2E224570DF00F7D1AB /* Release */ = {
			isa = XCBuildConfiguration;
			baseConfigurationReference = AB9087BDDB00E17FE2795247 /* Pods-Caressa.release.xcconfig */;
			buildSettings = {
				ALWAYS_EMBED_SWIFT_STANDARD_LIBRARIES = YES;
				ASSETCATALOG_COMPILER_APPICON_NAME = AppIcon;
				CODE_SIGN_ENTITLEMENTS = Caressa/Caressa.entitlements;
				CODE_SIGN_STYLE = Automatic;
				DEVELOPMENT_TEAM = 8MZYK4XT55;
				INFOPLIST_FILE = Caressa/Info.plist;
				IPHONEOS_DEPLOYMENT_TARGET = 10.3;
				LD_RUNPATH_SEARCH_PATHS = (
					"$(inherited)",
					"@executable_path/Frameworks",
				);
				PRODUCT_BUNDLE_IDENTIFIER = com.caressa.facility.app;
				PRODUCT_NAME = "$(TARGET_NAME)";
				SWIFT_VERSION = 4.2;
				TARGETED_DEVICE_FAMILY = "1,2";
			};
			name = Release;
		};
/* End XCBuildConfiguration section */

/* Begin XCConfigurationList section */
		BD948189225FDB9B004345AB /* Build configuration list for PBXNativeTarget "PusherExtension" */ = {
			isa = XCConfigurationList;
			buildConfigurations = (
				BD94818A225FDB9B004345AB /* Debug */,
				BD94818B225FDB9B004345AB /* Release */,
			);
			defaultConfigurationIsVisible = 0;
			defaultConfigurationName = Release;
		};
		BD999F15224570DE00F7D1AB /* Build configuration list for PBXProject "Caressa" */ = {
			isa = XCConfigurationList;
			buildConfigurations = (
				BD999F2A224570DF00F7D1AB /* Debug */,
				BD999F2B224570DF00F7D1AB /* Release */,
			);
			defaultConfigurationIsVisible = 0;
			defaultConfigurationName = Release;
		};
		BD999F2C224570DF00F7D1AB /* Build configuration list for PBXNativeTarget "Caressa" */ = {
			isa = XCConfigurationList;
			buildConfigurations = (
				BD999F2D224570DF00F7D1AB /* Debug */,
				BD999F2E224570DF00F7D1AB /* Release */,
			);
			defaultConfigurationIsVisible = 0;
			defaultConfigurationName = Release;
		};
/* End XCConfigurationList section */

/* Begin XCVersionGroup section */
		BDB2B022225F589D003D9FB5 /* Caressa.xcdatamodeld */ = {
			isa = XCVersionGroup;
			children = (
				BDB2B023225F589D003D9FB5 /* Caressa.xcdatamodel */,
			);
			currentVersion = BDB2B023225F589D003D9FB5 /* Caressa.xcdatamodel */;
			path = Caressa.xcdatamodeld;
			sourceTree = "<group>";
			versionGroupType = wrapper.xcdatamodel;
		};
/* End XCVersionGroup section */
	};
	rootObject = BD999F12224570DE00F7D1AB /* Project object */;
}
